
Microsoft Visual Studio Solution File, Format Version 12.00
# Visual Studio 15
VisualStudioVersion = 15.0.27130.2003
MinimumVisualStudioVersion = 10.0.40219.1
Project("{E24C65DC-7377-472B-9ABA-BC803B73C61A}") = "DIsconn_Data_Access_Model_Caching", "DIsconn_Data_Access_Model_Caching\", "{B79EAF21-700D-4D7D-80CA-B2E1291779E2}"
	ProjectSection(WebsiteProperties) = preProject
		TargetFrameworkMoniker = ".NETFramework,Version%3Dv4.6.1"
		Debug.AspNetCompiler.VirtualPath = "/localhost_49508"
		Debug.AspNetCompiler.PhysicalPath = "DIsconn_Data_Access_Model_Caching\"
		Debug.AspNetCompiler.TargetPath = "PrecompiledWeb\localhost_49508\"
		Debug.AspNetCompiler.Updateable = "true"
		Debug.AspNetCompiler.ForceOverwrite = "true"
		Debug.AspNetCompiler.FixedNames = "false"
		Debug.AspNetCompiler.Debug = "True"
		Release.AspNetCompiler.VirtualPath = "/localhost_49508"
		Release.AspNetCompiler.PhysicalPath = "DIsconn_Data_Access_Model_Caching\"
		Release.AspNetCompiler.TargetPath = "PrecompiledWeb\localhost_49508\"
		Release.AspNetCompiler.Updateable = "true"
		Release.AspNetCompiler.ForceOverwrite = "true"
		Release.AspNetCompiler.FixedNames = "false"
		Release.AspNetCompiler.Debug = "False"
		VWDPort = "49508"
		SlnRelativePath = "DIsconn_Data_Access_Model_Caching\"
		DefaultWebSiteLanguage = "Visual C#"
	EndProjectSection
EndProject
Global
	GlobalSection(SolutionConfigurationPlatforms) = preSolution
		Debug|Any CPU = Debug|Any CPU
	EndGlobalSection
	GlobalSection(ProjectConfigurationPlatforms) = postSolution
		{B79EAF21-700D-4D7D-80CA-B2E1291779E2}.Debug|Any CPU.ActiveCfg = Debug|Any CPU
		{B79EAF21-700D-4D7D-80CA-B2E1291779E2}.Debug|Any CPU.Build.0 = Debug|Any CPU
	EndGlobalSection
	GlobalSection(SolutionProperties) = preSolution
		HideSolutionNode = FALSE
	EndGlobalSection
	GlobalSection(ExtensibilityGlobals) = postSolution
		SolutionGuid = {5D1994A4-AE58-4399-A429-BD3CDB811378}
	EndGlobalSection
EndGlobal
